// !$*UTF8*$!
{
	archiveVersion = 1;
	classes = {
	};
	objectVersion = 46;
	objects = {

/* Begin PBXBuildFile section */
		FB1087701C89E35C00B43791 /* AppDelegate.swift in Sources */ = {isa = PBXBuildFile; fileRef = FB10876F1C89E35C00B43791 /* AppDelegate.swift */; };
		FB1087721C89E35C00B43791 /* ViewController.swift in Sources */ = {isa = PBXBuildFile; fileRef = FB1087711C89E35C00B43791 /* ViewController.swift */; };
		FB1087751C89E35C00B43791 /* Main.storyboard in Resources */ = {isa = PBXBuildFile; fileRef = FB1087731C89E35C00B43791 /* Main.storyboard */; };
		FB1087771C89E35C00B43791 /* Assets.xcassets in Resources */ = {isa = PBXBuildFile; fileRef = FB1087761C89E35C00B43791 /* Assets.xcassets */; };
		FB10877A1C89E35C00B43791 /* LaunchScreen.storyboard in Resources */ = {isa = PBXBuildFile; fileRef = FB1087781C89E35C00B43791 /* LaunchScreen.storyboard */; };
		FB1087841C89E37300B43791 /* Person.m in Sources */ = {isa = PBXBuildFile; fileRef = FB1087831C89E37300B43791 /* Person.m */; };
		FB1087861C89E64F00B43791 /* ReadMe.md in Sources */ = {isa = PBXBuildFile; fileRef = FB1087851C89E64F00B43791 /* ReadMe.md */; };
/* End PBXBuildFile section */

/* Begin PBXFileReference section */
		FB10876C1C89E35C00B43791 /* testMacro.app */ = {isa = PBXFileReference; explicitFileType = wrapper.application; includeInIndex = 0; path = testMacro.app; sourceTree = BUILT_PRODUCTS_DIR; };
		FB10876F1C89E35C00B43791 /* AppDelegate.swift */ = {isa = PBXFileReference; lastKnownFileType = sourcecode.swift; path = AppDelegate.swift; sourceTree = "<group>"; };
		FB1087711C89E35C00B43791 /* ViewController.swift */ = {isa = PBXFileReference; lastKnownFileType = sourcecode.swift; path = ViewController.swift; sourceTree = "<group>"; };
		FB1087741C89E35C00B43791 /* Base */ = {isa = PBXFileReference; lastKnownFileType = file.storyboard; name = Base; path = Base.lproj/Main.storyboard; sourceTree = "<group>"; };
		FB1087761C89E35C00B43791 /* Assets.xcassets */ = {isa = PBXFileReference; lastKnownFileType = folder.assetcatalog; path = Assets.xcassets; sourceTree = "<group>"; };
		FB1087791C89E35C00B43791 /* Base */ = {isa = PBXFileReference; lastKnownFileType = file.storyboard; name = Base; path = Base.lproj/LaunchScreen.storyboard; sourceTree = "<group>"; };
		FB10877B1C89E35C00B43791 /* Info.plist */ = {isa = PBXFileReference; lastKnownFileType = text.plist.xml; path = Info.plist; sourceTree = "<group>"; };
		FB1087811C89E37300B43791 /* testMacro-Bridging-Header.h */ = {isa = PBXFileReference; lastKnownFileType = sourcecode.c.h; path = "testMacro-Bridging-Header.h"; sourceTree = "<group>"; };
		FB1087821C89E37300B43791 /* Person.h */ = {isa = PBXFileReference; fileEncoding = 4; lastKnownFileType = sourcecode.c.h; path = Person.h; sourceTree = "<group>"; };
		FB1087831C89E37300B43791 /* Person.m */ = {isa = PBXFileReference; fileEncoding = 4; lastKnownFileType = sourcecode.c.objc; path = Person.m; sourceTree = "<group>"; };
		FB1087851C89E64F00B43791 /* ReadMe.md */ = {isa = PBXFileReference; fileEncoding = 4; lastKnownFileType = net.daringfireball.markdown; path = ReadMe.md; sourceTree = "<group>"; };
/* End PBXFileReference section */

/* Begin PBXFrameworksBuildPhase section */
		FB1087691C89E35B00B43791 /* Frameworks */ = {
			isa = PBXFrameworksBuildPhase;
			buildActionMask = 2147483647;
			files = (
			);
			runOnlyForDeploymentPostprocessing = 0;
		};
/* End PBXFrameworksBuildPhase section */

/* Begin PBXGroup section */
		FB1087631C89E35B00B43791 = {
			isa = PBXGroup;
			children = (
				FB10876E1C89E35C00B43791 /* testMacro */,
				FB10876D1C89E35C00B43791 /* Products */,
			);
			sourceTree = "<group>";
		};
		FB10876D1C89E35C00B43791 /* Products */ = {
			isa = PBXGroup;
			children = (
				FB10876C1C89E35C00B43791 /* testMacro.app */,
			);
			name = Products;
			sourceTree = "<group>";
		};
		FB10876E1C89E35C00B43791 /* testMacro */ = {
			isa = PBXGroup;
			children = (
				FB10876F1C89E35C00B43791 /* AppDelegate.swift */,
				FB1087711C89E35C00B43791 /* ViewController.swift */,
				FB1087821C89E37300B43791 /* Person.h */,
				FB1087831C89E37300B43791 /* Person.m */,
				FB1087731C89E35C00B43791 /* Main.storyboard */,
				FB1087761C89E35C00B43791 /* Assets.xcassets */,
				FB1087781C89E35C00B43791 /* LaunchScreen.storyboard */,
				FB10877B1C89E35C00B43791 /* Info.plist */,
				FB1087811C89E37300B43791 /* testMacro-Bridging-Header.h */,
				FB1087851C89E64F00B43791 /* ReadMe.md */,
			);
			path = testMacro;
			sourceTree = "<group>";
		};
/* End PBXGroup section */

/* Begin PBXNativeTarget section */
		FB10876B1C89E35B00B43791 /* testMacro */ = {
			isa = PBXNativeTarget;
			buildConfigurationList = FB10877E1C89E35C00B43791 /* Build configuration list for PBXNativeTarget "testMacro" */;
			buildPhases = (
				FB1087681C89E35B00B43791 /* Sources */,
				FB1087691C89E35B00B43791 /* Frameworks */,
				FB10876A1C89E35B00B43791 /* Resources */,
			);
			buildRules = (
			);
			dependencies = (
			);
			name = testMacro;
			productName = testMacro;
			productReference = FB10876C1C89E35C00B43791 /* testMacro.app */;
			productType = "com.apple.product-type.application";
		};
/* End PBXNativeTarget section */

/* Begin PBXProject section */
		FB1087641C89E35B00B43791 /* Project object */ = {
			isa = PBXProject;
			attributes = {
				LastSwiftUpdateCheck = 0720;
				LastUpgradeCheck = 0720;
				ORGANIZATIONNAME = zx;
				TargetAttributes = {
					FB10876B1C89E35B00B43791 = {
						CreatedOnToolsVersion = 7.2;
					};
				};
			};
			buildConfigurationList = FB1087671C89E35B00B43791 /* Build configuration list for PBXProject "testMacro" */;
			compatibilityVersion = "Xcode 3.2";
			developmentRegion = English;
			hasScannedForEncodings = 0;
			knownRegions = (
				en,
				Base,
			);
			mainGroup = FB1087631C89E35B00B43791;
			productRefGroup = FB10876D1C89E35C00B43791 /* Products */;
			projectDirPath = "";
			projectRoot = "";
			targets = (
				FB10876B1C89E35B00B43791 /* testMacro */,
			);
		};
/* End PBXProject section */

/* Begin PBXResourcesBuildPhase section */
		FB10876A1C89E35B00B43791 /* Resources */ = {
			isa = PBXResourcesBuildPhase;
			buildActionMask = 2147483647;
			files = (
				FB10877A1C89E35C00B43791 /* LaunchScreen.storyboard in Resources */,
				FB1087771C89E35C00B43791 /* Assets.xcassets in Resources */,
				FB1087751C89E35C00B43791 /* Main.storyboard in Resources */,
			);
			runOnlyForDeploymentPostprocessing = 0;
		};
/* End PBXResourcesBuildPhase section */

/* Begin PBXSourcesBuildPhase section */
		FB1087681C89E35B00B43791 /* Sources */ = {
			isa = PBXSourcesBuildPhase;
			buildActionMask = 2147483647;
			files = (
				FB1087841C89E37300B43791 /* Person.m in Sources */,
				FB1087721C89E35C00B43791 /* ViewController.swift in Sources */,
				FB1087861C89E64F00B43791 /* ReadMe.md in Sources */,
				FB1087701C89E35C00B43791 /* AppDelegate.swift in Sources */,
			);
			runOnlyForDeploymentPostprocessing = 0;
		};
/* End PBXSourcesBuildPhase section */

/* Begin PBXVariantGroup section */
		FB1087731C89E35C00B43791 /* Main.storyboard */ = {
			isa = PBXVariantGroup;
			children = (
				FB1087741C89E35C00B43791 /* Base */,
			);
			name = Main.storyboard;
			sourceTree = "<group>";
		};
		FB1087781C89E35C00B43791 /* LaunchScreen.storyboard */ = {
			isa = PBXVariantGroup;
			children = (
				FB1087791C89E35C00B43791 /* Base */,
			);
			name = LaunchScreen.storyboard;
			sourceTree = "<group>";
		};
/* End PBXVariantGroup section */

/* Begin XCBuildConfiguration section */
		FB10877C1C89E35C00B43791 /* Debug */ = {
			isa = XCBuildConfiguration;
			buildSettings = {
				ALWAYS_SEARCH_USER_PATHS = NO;
				CLANG_CXX_LANGUAGE_STANDARD = "gnu++0x";
				CLANG_CXX_LIBRARY = "libc++";
				CLANG_ENABLE_MODULES = YES;
				CLANG_ENABLE_OBJC_ARC = YES;
				CLANG_WARN_BOOL_CONVERSION = YES;
				CLANG_WARN_CONSTANT_CONVERSION = YES;
				CLANG_WARN_DIRECT_OBJC_ISA_USAGE = YES_ERROR;
				CLANG_WARN_EMPTY_BODY = YES;
				CLANG_WARN_ENUM_CONVERSION = YES;
				CLANG_WARN_INT_CONVERSION = YES;
				CLANG_WARN_OBJC_ROOT_CLASS = YES_ERROR;
				CLANG_WARN_UNREACHABLE_CODE = YES;
				CLANG_WARN__DUPLICATE_METHOD_MATCH = YES;
				"CODE_SIGN_IDENTITY[sdk=iphoneos*]" = "iPhone Developer";
				COPY_PHASE_STRIP = NO;
				DEBUG_INFORMATION_FORMAT = dwarf;
				ENABLE_STRICT_OBJC_MSGSEND = YES;
				ENABLE_TESTABILITY = YES;
				GCC_C_LANGUAGE_STANDARD = gnu99;
				GCC_DYNAMIC_NO_PIC = NO;
				GCC_NO_COMMON_BLOCKS = YES;
				GCC_OPTIMIZATION_LEVEL = 0;
				GCC_PREPROCESSOR_DEFINITIONS = (
					"DEBUG=1",
					"$(inherited)",
				);
				GCC_WARN_64_TO_32_BIT_CONVERSION = YES;
				GCC_WARN_ABOUT_RETURN_TYPE = YES_ERROR;
				GCC_WARN_UNDECLARED_SELECTOR = YES;
				GCC_WARN_UNINITIALIZED_AUTOS = YES_AGGRESSIVE;
				GCC_WARN_UNUSED_FUNCTION = YES;
				GCC_WARN_UNUSED_VARIABLE = YES;
				IPHONEOS_DEPLOYMENT_TARGET = 9.2;
				MTL_ENABLE_DEBUG_INFO = YES;
				ONLY_ACTIVE_ARCH = YES;
				SDKROOT = iphoneos;
				SWIFT_OPTIMIZATION_LEVEL = "-Onone";
				TARGETED_DEVICE_FAMILY = "1,2";
			};
			name = Debug;
		};
		FB10877D1C89E35C00B43791 /* Release */ = {
			isa = XCBuildConfiguration;
			buildSettings = {
				ALWAYS_SEARCH_USER_PATHS = NO;
				CLANG_CXX_LANGUAGE_STANDARD = "gnu++0x";
				CLANG_CXX_LIBRARY = "libc++";
				CLANG_ENABLE_MODULES = YES;
				CLANG_ENABLE_OBJC_ARC = YES;
				CLANG_WARN_BOOL_CONVERSION = YES;
				CLANG_WARN_CONSTANT_CONVERSION = YES;
				CLANG_WARN_DIRECT_OBJC_ISA_USAGE = YES_ERROR;
				CLANG_WARN_EMPTY_BODY = YES;
				CLANG_WARN_ENUM_CONVERSION = YES;
				CLANG_WARN_INT_CONVERSION = YES;
				CLANG_WARN_OBJC_ROOT_CLASS = YES_ERROR;
				CLANG_WARN_UNREACHABLE_CODE = YES;
				CLANG_WARN__DUPLICATE_METHOD_MATCH = YES;
				"CODE_SIGN_IDENTITY[sdk=iphoneos*]" = "iPhone Developer";
				COPY_PHASE_STRIP = NO;
				DEBUG_INFORMATION_FORMAT = "dwarf-with-dsym";
				ENABLE_NS_ASSERTIONS = NO;
				ENABLE_STRICT_OBJC_MSGSEND = YES;
				GCC_C_LANGUAGE_STANDARD = gnu99;
				GCC_NO_COMMON_BLOCKS = YES;
				GCC_WARN_64_TO_32_BIT_CONVERSION = YES;
				GCC_WARN_ABOUT_RETURN_TYPE = YES_ERROR;
				GCC_WARN_UNDECLARED_SELECTOR = YES;
				GCC_WARN_UNINITIALIZED_AUTOS = YES_AGGRESSIVE;
				GCC_WARN_UNUSED_FUNCTION = YES;
				GCC_WARN_UNUSED_VARIABLE = YES;
				IPHONEOS_DEPLOYMENT_TARGET = 9.2;
				MTL_ENABLE_DEBUG_INFO = NO;
				SDKROOT = iphoneos;
				TARGETED_DEVICE_FAMILY = "1,2";
				VALIDATE_PRODUCT = YES;
			};
			name = Release;
		};
		FB10877F1C89E35C00B43791 /* Debug */ = {
			isa = XCBuildConfiguration;
			buildSettings = {
				ASSETCATALOG_COMPILER_APPICON_NAME = AppIcon;
				CLANG_ENABLE_MODULES = YES;
				INFOPLIST_FILE = testMacro/Info.plist;
				LD_RUNPATH_SEARCH_PATHS = "$(inherited) @executable_path/Frameworks";
				PRODUCT_BUNDLE_IDENTIFIER = z2xy.testMacro;
				PRODUCT_NAME = "$(TARGET_NAME)";
				SWIFT_OBJC_BRIDGING_HEADER = "testMacro/testMacro-Bridging-Header.h";
				SWIFT_OPTIMIZATION_LEVEL = "-Onone";
			};
			name = Debug;
		};
		FB1087801C89E35C00B43791 /* Release */ = {
			isa = XCBuildConfiguration;
			buildSettings = {
				ASSETCATALOG_COMPILER_APPICON_NAME = AppIcon;
				CLANG_ENABLE_MODULES = YES;
				INFOPLIST_FILE = testMacro/Info.plist;
				LD_RUNPATH_SEARCH_PATHS = "$(inherited) @executable_path/Frameworks";
				PRODUCT_BUNDLE_IDENTIFIER = z2xy.testMacro;
				PRODUCT_NAME = "$(TARGET_NAME)";
				SWIFT_OBJC_BRIDGING_HEADER = "testMacro/testMacro-Bridging-Header.h";
			};
			name = Release;
		};
/* End XCBuildConfiguration section */

/* Begin XCConfigurationList section */
		FB1087671C89E35B00B43791 /* Build configuration list for PBXProject "testMacro" */ = {
			isa = XCConfigurationList;
			buildConfigurations = (
				FB10877C1C89E35C00B43791 /* Debug */,
				FB10877D1C89E35C00B43791 /* Release */,
			);
			defaultConfigurationIsVisible = 0;
			defaultConfigurationName = Release;
		};
		FB10877E1C89E35C00B43791 /* Build configuration list for PBXNativeTarget "testMacro" */ = {
			isa = XCConfigurationList;
			buildConfigurations = (
				FB10877F1C89E35C00B43791 /* Debug */,
				FB1087801C89E35C00B43791 /* Release */,
			);
			defaultConfigurationIsVisible = 0;
		};
/* End XCConfigurationList section */
	};
	rootObject = FB1087641C89E35B00B43791 /* Project object */;
}
